
Microsoft Visual Studio Solution File, Format Version 12.00
# Visual Studio Version 16
VisualStudioVersion = 16.0.30907.101
MinimumVisualStudioVersion = 10.0.40219.1
Project("{9A19103F-16F7-4668-BE54-9A1E7A4F7556}") = "GitRepoTracker", "GitRepoTracker\GitRepoTracker.csproj", "{B1B05A52-5912-4DAE-AD34-47A1CC5C57F7}"
EndProject
Project("{9A19103F-16F7-4668-BE54-9A1E7A4F7556}") = "UnitTests", "UnitTests\UnitTests.csproj", "{E74AA11B-3D34-41DF-9AC5-92BBCC81E2E0}"
EndProject
Global
	GlobalSection(SolutionConfigurationPlatforms) = preSolution
		Debug|Any CPU = Debug|Any CPU
		Release|Any CPU = Release|Any CPU
	EndGlobalSection
	GlobalSection(ProjectConfigurationPlatforms) = postSolution
		{B1B05A52-5912-4DAE-AD34-47A1CC5C57F7}.Debug|Any CPU.ActiveCfg = Debug|Any CPU
		{B1B05A52-5912-4DAE-AD34-47A1CC5C57F7}.Debug|Any CPU.Build.0 = Debug|Any CPU
		{B1B05A52-5912-4DAE-AD34-47A1CC5C57F7}.Release|Any CPU.ActiveCfg = Release|Any CPU
		{B1B05A52-5912-4DAE-AD34-47A1CC5C57F7}.Release|Any CPU.Build.0 = Release|Any CPU
		{E74AA11B-3D34-41DF-9AC5-92BBCC81E2E0}.Debug|Any CPU.ActiveCfg = Debug|Any CPU
		{E74AA11B-3D34-41DF-9AC5-92BBCC81E2E0}.Debug|Any CPU.Build.0 = Debug|Any CPU
		{E74AA11B-3D34-41DF-9AC5-92BBCC81E2E0}.Release|Any CPU.ActiveCfg = Release|Any CPU
		{E74AA11B-3D34-41DF-9AC5-92BBCC81E2E0}.Release|Any CPU.Build.0 = Release|Any CPU
	EndGlobalSection
	GlobalSection(SolutionProperties) = preSolution
		HideSolutionNode = FALSE
	EndGlobalSection
	GlobalSection(ExtensibilityGlobals) = postSolution
		SolutionGuid = {AEB9FF38-DEF3-4DC0-B9CB-306331684C81}
	EndGlobalSection
EndGlobal
